
Microsoft Visual Studio Solution File, Format Version 12.00
# Visual Studio Version 17
VisualStudioVersion = 17.7.34202.233
MinimumVisualStudioVersion = 10.0.40219.1
Project("{9A19103F-16F7-4668-BE54-9A1E7A4F7556}") = "Fleans.Api", "Fleans.Api\Fleans.Api.csproj", "{BDF1BA29-1276-42F9-9BC8-7607025F644E}"
EndProject
Project("{9A19103F-16F7-4668-BE54-9A1E7A4F7556}") = "Fleans.Application", "Fleans.Application\Fleans.Application.csproj", "{541D436D-FE79-4CA9-B07A-F93D8F299724}"
EndProject
Project("{9A19103F-16F7-4668-BE54-9A1E7A4F7556}") = "Fleans.Domain", "Fleans.Domain\Fleans.Domain.csproj", "{C670FC6D-E5AB-4B93-8BCD-EA6D04AA9A36}"
EndProject
Project("{2150E333-8FDC-42A3-9474-1A3956D46DE8}") = "tests", "tests", "{BB8F56FD-83F6-49DF-B626-D8B701846C4A}"
EndProject
Project("{9A19103F-16F7-4668-BE54-9A1E7A4F7556}") = "Fleans.Domain.Tests", "Fleans.Domain.Tests\Fleans.Domain.Tests.csproj", "{DE88F9E8-68B6-42B1-9CA9-581C5E80DB62}"
EndProject
Project("{9A19103F-16F7-4668-BE54-9A1E7A4F7556}") = "Fleans.Aspire", "Fleans.Aspire\Fleans.Aspire.csproj", "{31C9AF1E-C056-497D-8B91-240E449C22A6}"
EndProject
Project("{9A19103F-16F7-4668-BE54-9A1E7A4F7556}") = "Fleans.Infrastructure", "Fleans.Infrastructure\Fleans.Infrastructure.csproj", "{C9EDE3E9-E134-44FE-812F-0358B84EA93E}"
EndProject
Project("{9A19103F-16F7-4668-BE54-9A1E7A4F7556}") = "Fleans.Application.Tests", "Fleans.Application.Tests\Fleans.Application.Tests.csproj", "{5D480D8A-D4AE-43BE-9B51-13C727213F40}"
EndProject
Project("{FAE04EC0-301F-11D3-BF4B-00C04F79EFBC}") = "Fleans.Infrastructure.Tests", "Fleans.Infrastructure.Tests\Fleans.Infrastructure.Tests.csproj", "{29A55976-F56D-4625-A509-DCAA8B8F1DC3}"
EndProject
Global
	GlobalSection(SolutionConfigurationPlatforms) = preSolution
		Debug|Any CPU = Debug|Any CPU
		Release|Any CPU = Release|Any CPU
	EndGlobalSection
	GlobalSection(ProjectConfigurationPlatforms) = postSolution
		{BDF1BA29-1276-42F9-9BC8-7607025F644E}.Debug|Any CPU.ActiveCfg = Debug|Any CPU
		{BDF1BA29-1276-42F9-9BC8-7607025F644E}.Debug|Any CPU.Build.0 = Debug|Any CPU
		{BDF1BA29-1276-42F9-9BC8-7607025F644E}.Release|Any CPU.ActiveCfg = Release|Any CPU
		{BDF1BA29-1276-42F9-9BC8-7607025F644E}.Release|Any CPU.Build.0 = Release|Any CPU
		{541D436D-FE79-4CA9-B07A-F93D8F299724}.Debug|Any CPU.ActiveCfg = Debug|Any CPU
		{541D436D-FE79-4CA9-B07A-F93D8F299724}.Debug|Any CPU.Build.0 = Debug|Any CPU
		{541D436D-FE79-4CA9-B07A-F93D8F299724}.Release|Any CPU.ActiveCfg = Release|Any CPU
		{541D436D-FE79-4CA9-B07A-F93D8F299724}.Release|Any CPU.Build.0 = Release|Any CPU
		{C670FC6D-E5AB-4B93-8BCD-EA6D04AA9A36}.Debug|Any CPU.ActiveCfg = Debug|Any CPU
		{C670FC6D-E5AB-4B93-8BCD-EA6D04AA9A36}.Debug|Any CPU.Build.0 = Debug|Any CPU
		{C670FC6D-E5AB-4B93-8BCD-EA6D04AA9A36}.Release|Any CPU.ActiveCfg = Release|Any CPU
		{C670FC6D-E5AB-4B93-8BCD-EA6D04AA9A36}.Release|Any CPU.Build.0 = Release|Any CPU
		{DE88F9E8-68B6-42B1-9CA9-581C5E80DB62}.Debug|Any CPU.ActiveCfg = Debug|Any CPU
		{DE88F9E8-68B6-42B1-9CA9-581C5E80DB62}.Debug|Any CPU.Build.0 = Debug|Any CPU
		{DE88F9E8-68B6-42B1-9CA9-581C5E80DB62}.Release|Any CPU.ActiveCfg = Release|Any CPU
		{DE88F9E8-68B6-42B1-9CA9-581C5E80DB62}.Release|Any CPU.Build.0 = Release|Any CPU
		{31C9AF1E-C056-497D-8B91-240E449C22A6}.Debug|Any CPU.ActiveCfg = Debug|Any CPU
		{31C9AF1E-C056-497D-8B91-240E449C22A6}.Debug|Any CPU.Build.0 = Debug|Any CPU
		{31C9AF1E-C056-497D-8B91-240E449C22A6}.Release|Any CPU.ActiveCfg = Release|Any CPU
		{31C9AF1E-C056-497D-8B91-240E449C22A6}.Release|Any CPU.Build.0 = Release|Any CPU
		{C9EDE3E9-E134-44FE-812F-0358B84EA93E}.Debug|Any CPU.ActiveCfg = Debug|Any CPU
		{C9EDE3E9-E134-44FE-812F-0358B84EA93E}.Debug|Any CPU.Build.0 = Debug|Any CPU
		{C9EDE3E9-E134-44FE-812F-0358B84EA93E}.Release|Any CPU.ActiveCfg = Release|Any CPU
		{C9EDE3E9-E134-44FE-812F-0358B84EA93E}.Release|Any CPU.Build.0 = Release|Any CPU
		{5D480D8A-D4AE-43BE-9B51-13C727213F40}.Debug|Any CPU.ActiveCfg = Debug|Any CPU
		{5D480D8A-D4AE-43BE-9B51-13C727213F40}.Debug|Any CPU.Build.0 = Debug|Any CPU
		{5D480D8A-D4AE-43BE-9B51-13C727213F40}.Release|Any CPU.ActiveCfg = Release|Any CPU
		{5D480D8A-D4AE-43BE-9B51-13C727213F40}.Release|Any CPU.Build.0 = Release|Any CPU
		{29A55976-F56D-4625-A509-DCAA8B8F1DC3}.Debug|Any CPU.ActiveCfg = Debug|Any CPU
		{29A55976-F56D-4625-A509-DCAA8B8F1DC3}.Debug|Any CPU.Build.0 = Debug|Any CPU
		{29A55976-F56D-4625-A509-DCAA8B8F1DC3}.Release|Any CPU.ActiveCfg = Release|Any CPU
		{29A55976-F56D-4625-A509-DCAA8B8F1DC3}.Release|Any CPU.Build.0 = Release|Any CPU
	EndGlobalSection
	GlobalSection(SolutionProperties) = preSolution
		HideSolutionNode = FALSE
	EndGlobalSection
	GlobalSection(NestedProjects) = preSolution
		{DE88F9E8-68B6-42B1-9CA9-581C5E80DB62} = {BB8F56FD-83F6-49DF-B626-D8B701846C4A}
		{5D480D8A-D4AE-43BE-9B51-13C727213F40} = {BB8F56FD-83F6-49DF-B626-D8B701846C4A}
		{29A55976-F56D-4625-A509-DCAA8B8F1DC3} = {BB8F56FD-83F6-49DF-B626-D8B701846C4A}
	EndGlobalSection
	GlobalSection(ExtensibilityGlobals) = postSolution
		SolutionGuid = {2BC3607E-2E92-4A0A-BDCD-1DC3B37374F7}
	EndGlobalSection
EndGlobal
